
Microsoft Visual Studio Solution File, Format Version 12.00
# Visual Studio Version 17
VisualStudioVersion = 17.7.34018.315
MinimumVisualStudioVersion = 10.0.40219.1
Project("{FAE04EC0-301F-11D3-BF4B-00C04F79EFBC}") = "Full Health System Project", "Full Health System Project\Full Health System Project.csproj", "{0BB20EBB-85F8-409A-A7BB-344332B1725F}"
EndProject
Global
	GlobalSection(SolutionConfigurationPlatforms) = preSolution
		Debug|Any CPU = Debug|Any CPU
		Release|Any CPU = Release|Any CPU
	EndGlobalSection
	GlobalSection(ProjectConfigurationPlatforms) = postSolution
		{0BB20EBB-85F8-409A-A7BB-344332B1725F}.Debug|Any CPU.ActiveCfg = Debug|Any CPU
		{0BB20EBB-85F8-409A-A7BB-344332B1725F}.Debug|Any CPU.Build.0 = Debug|Any CPU
		{0BB20EBB-85F8-409A-A7BB-344332B1725F}.Release|Any CPU.ActiveCfg = Release|Any CPU
		{0BB20EBB-85F8-409A-A7BB-344332B1725F}.Release|Any CPU.Build.0 = Release|Any CPU
	EndGlobalSection
	GlobalSection(SolutionProperties) = preSolution
		HideSolutionNode = FALSE
	EndGlobalSection
	GlobalSection(ExtensibilityGlobals) = postSolution
		SolutionGuid = {FD484838-5172-4F0A-8A02-F4F5D57B848C}
	EndGlobalSection
EndGlobal
